
Microsoft Visual Studio Solution File, Format Version 12.00
# Visual Studio 15
VisualStudioVersion = 15.0.28307.168
MinimumVisualStudioVersion = 10.0.40219.1
Project("{FAE04EC0-301F-11D3-BF4B-00C04F79EFBC}") = "Zal.Android", "Zal\Zal.Android\Zal.Android.csproj", "{24CE3C36-16B9-426D-AA0C-5961ECF8D88C}"
EndProject
Project("{FAE04EC0-301F-11D3-BF4B-00C04F79EFBC}") = "Zal.iOS", "Zal\Zal.iOS\Zal.iOS.csproj", "{18A76FC6-7041-4BFD-9996-0273AE96E1C5}"
EndProject
Project("{FAE04EC0-301F-11D3-BF4B-00C04F79EFBC}") = "Zal", "Zal\Zal\Zal.csproj", "{7A498B44-FB97-493C-A485-FA81A9DAD8C7}"
EndProject
Global
	GlobalSection(SolutionConfigurationPlatforms) = preSolution
		Debug|Any CPU = Debug|Any CPU
		Debug|iPhone = Debug|iPhone
		Debug|iPhoneSimulator = Debug|iPhoneSimulator
		Release|Any CPU = Release|Any CPU
		Release|iPhone = Release|iPhone
		Release|iPhoneSimulator = Release|iPhoneSimulator
	EndGlobalSection
	GlobalSection(ProjectConfigurationPlatforms) = postSolution
		{24CE3C36-16B9-426D-AA0C-5961ECF8D88C}.Debug|Any CPU.ActiveCfg = Debug|Any CPU
		{24CE3C36-16B9-426D-AA0C-5961ECF8D88C}.Debug|Any CPU.Build.0 = Debug|Any CPU
		{24CE3C36-16B9-426D-AA0C-5961ECF8D88C}.Debug|Any CPU.Deploy.0 = Debug|Any CPU
		{24CE3C36-16B9-426D-AA0C-5961ECF8D88C}.Debug|iPhone.ActiveCfg = Debug|Any CPU
		{24CE3C36-16B9-426D-AA0C-5961ECF8D88C}.Debug|iPhone.Build.0 = Debug|Any CPU
		{24CE3C36-16B9-426D-AA0C-5961ECF8D88C}.Debug|iPhone.Deploy.0 = Debug|Any CPU
		{24CE3C36-16B9-426D-AA0C-5961ECF8D88C}.Debug|iPhoneSimulator.ActiveCfg = Debug|Any CPU
		{24CE3C36-16B9-426D-AA0C-5961ECF8D88C}.Debug|iPhoneSimulator.Build.0 = Debug|Any CPU
		{24CE3C36-16B9-426D-AA0C-5961ECF8D88C}.Debug|iPhoneSimulator.Deploy.0 = Debug|Any CPU
		{24CE3C36-16B9-426D-AA0C-5961ECF8D88C}.Release|Any CPU.ActiveCfg = Release|Any CPU
		{24CE3C36-16B9-426D-AA0C-5961ECF8D88C}.Release|Any CPU.Build.0 = Release|Any CPU
		{24CE3C36-16B9-426D-AA0C-5961ECF8D88C}.Release|Any CPU.Deploy.0 = Release|Any CPU
		{24CE3C36-16B9-426D-AA0C-5961ECF8D88C}.Release|iPhone.ActiveCfg = Release|Any CPU
		{24CE3C36-16B9-426D-AA0C-5961ECF8D88C}.Release|iPhone.Build.0 = Release|Any CPU
		{24CE3C36-16B9-426D-AA0C-5961ECF8D88C}.Release|iPhone.Deploy.0 = Release|Any CPU
		{24CE3C36-16B9-426D-AA0C-5961ECF8D88C}.Release|iPhoneSimulator.ActiveCfg = Release|Any CPU
		{24CE3C36-16B9-426D-AA0C-5961ECF8D88C}.Release|iPhoneSimulator.Build.0 = Release|Any CPU
		{24CE3C36-16B9-426D-AA0C-5961ECF8D88C}.Release|iPhoneSimulator.Deploy.0 = Release|Any CPU
		{18A76FC6-7041-4BFD-9996-0273AE96E1C5}.Debug|Any CPU.ActiveCfg = Debug|iPhoneSimulator
		{18A76FC6-7041-4BFD-9996-0273AE96E1C5}.Debug|Any CPU.Build.0 = Debug|iPhoneSimulator
		{18A76FC6-7041-4BFD-9996-0273AE96E1C5}.Debug|Any CPU.Deploy.0 = Debug|iPhoneSimulator
		{18A76FC6-7041-4BFD-9996-0273AE96E1C5}.Debug|iPhone.ActiveCfg = Debug|iPhone
		{18A76FC6-7041-4BFD-9996-0273AE96E1C5}.Debug|iPhone.Build.0 = Debug|iPhone
		{18A76FC6-7041-4BFD-9996-0273AE96E1C5}.Debug|iPhone.Deploy.0 = Debug|iPhone
		{18A76FC6-7041-4BFD-9996-0273AE96E1C5}.Debug|iPhoneSimulator.ActiveCfg = Debug|iPhoneSimulator
		{18A76FC6-7041-4BFD-9996-0273AE96E1C5}.Debug|iPhoneSimulator.Build.0 = Debug|iPhoneSimulator
		{18A76FC6-7041-4BFD-9996-0273AE96E1C5}.Debug|iPhoneSimulator.Deploy.0 = Debug|iPhoneSimulator
		{18A76FC6-7041-4BFD-9996-0273AE96E1C5}.Release|Any CPU.ActiveCfg = Release|iPhone
		{18A76FC6-7041-4BFD-9996-0273AE96E1C5}.Release|Any CPU.Build.0 = Release|iPhone
		{18A76FC6-7041-4BFD-9996-0273AE96E1C5}.Release|Any CPU.Deploy.0 = Release|iPhone
		{18A76FC6-7041-4BFD-9996-0273AE96E1C5}.Release|iPhone.ActiveCfg = Release|iPhone
		{18A76FC6-7041-4BFD-9996-0273AE96E1C5}.Release|iPhone.Build.0 = Release|iPhone
		{18A76FC6-7041-4BFD-9996-0273AE96E1C5}.Release|iPhone.Deploy.0 = Release|iPhone
		{18A76FC6-7041-4BFD-9996-0273AE96E1C5}.Release|iPhoneSimulator.ActiveCfg = Release|iPhoneSimulator
		{18A76FC6-7041-4BFD-9996-0273AE96E1C5}.Release|iPhoneSimulator.Build.0 = Release|iPhoneSimulator
		{18A76FC6-7041-4BFD-9996-0273AE96E1C5}.Release|iPhoneSimulator.Deploy.0 = Release|iPhoneSimulator
		{7A498B44-FB97-493C-A485-FA81A9DAD8C7}.Debug|Any CPU.ActiveCfg = Debug|Any CPU
		{7A498B44-FB97-493C-A485-FA81A9DAD8C7}.Debug|Any CPU.Build.0 = Debug|Any CPU
		{7A498B44-FB97-493C-A485-FA81A9DAD8C7}.Debug|Any CPU.Deploy.0 = Debug|Any CPU
		{7A498B44-FB97-493C-A485-FA81A9DAD8C7}.Debug|iPhone.ActiveCfg = Debug|Any CPU
		{7A498B44-FB97-493C-A485-FA81A9DAD8C7}.Debug|iPhone.Build.0 = Debug|Any CPU
		{7A498B44-FB97-493C-A485-FA81A9DAD8C7}.Debug|iPhone.Deploy.0 = Debug|Any CPU
		{7A498B44-FB97-493C-A485-FA81A9DAD8C7}.Debug|iPhoneSimulator.ActiveCfg = Debug|Any CPU
		{7A498B44-FB97-493C-A485-FA81A9DAD8C7}.Debug|iPhoneSimulator.Build.0 = Debug|Any CPU
		{7A498B44-FB97-493C-A485-FA81A9DAD8C7}.Debug|iPhoneSimulator.Deploy.0 = Debug|Any CPU
		{7A498B44-FB97-493C-A485-FA81A9DAD8C7}.Release|Any CPU.ActiveCfg = Release|Any CPU
		{7A498B44-FB97-493C-A485-FA81A9DAD8C7}.Release|Any CPU.Build.0 = Release|Any CPU
		{7A498B44-FB97-493C-A485-FA81A9DAD8C7}.Release|Any CPU.Deploy.0 = Release|Any CPU
		{7A498B44-FB97-493C-A485-FA81A9DAD8C7}.Release|iPhone.ActiveCfg = Release|Any CPU
		{7A498B44-FB97-493C-A485-FA81A9DAD8C7}.Release|iPhone.Build.0 = Release|Any CPU
		{7A498B44-FB97-493C-A485-FA81A9DAD8C7}.Release|iPhone.Deploy.0 = Release|Any CPU
		{7A498B44-FB97-493C-A485-FA81A9DAD8C7}.Release|iPhoneSimulator.ActiveCfg = Release|Any CPU
		{7A498B44-FB97-493C-A485-FA81A9DAD8C7}.Release|iPhoneSimulator.Build.0 = Release|Any CPU
		{7A498B44-FB97-493C-A485-FA81A9DAD8C7}.Release|iPhoneSimulator.Deploy.0 = Release|Any CPU
	EndGlobalSection
	GlobalSection(SolutionProperties) = preSolution
		HideSolutionNode = FALSE
	EndGlobalSection
	GlobalSection(ExtensibilityGlobals) = postSolution
		SolutionGuid = {8CBA1253-03EC-412A-9549-B0D72CF56F13}
	EndGlobalSection
EndGlobal
